# This file is generated by running "yarn install" inside your project.
# Manual changes might be lost - proceed with caution!

__metadata:
  version: 6
  cacheKey: 8

"@mytest/secret-lib@npm:1.0.0":
  version: 1.0.0
  resolution: "@mytest/secret-lib@npm:1.0.0::__archiveUrl=https%3A%2F%2Fidani.jfrog.io%2Fartifactory%2Fapi%2Fnpm%2Fdavidko-npm%2F%40mytest%2Fsecret-lib%2F-%2F%40mytest%2Fsecret-lib-1.0.0.tgz"
  checksum: a27a7aefe2efa6f867cb0947d54a4be8250c3f80f6361f197282142e1fad638a77326376e6bc3b56bc1b077d562b5e550f1335b34d5337bde4dc6e93c40e4bf8
  languageName: node
  linkType: hard

"frogbot-repro@workspace:.":
  version: 0.0.0-use.local
  resolution: "frogbot-repro@workspace:."
  dependencies:
    "@mytest/secret-lib": 1.0.0
  languageName: unknown
  linkType: soft
