# This file is generated by running "yarn install" inside your project.
# Manual changes might be lost - proceed with caution!

__metadata:
  version: 4
  cacheKey: 7

"@mytest/secret-lib@npm:^1.0.0":
  version: 1.0.0
  resolution: "@mytest/secret-lib@npm:1.0.0::__archiveUrl=https%3A%2F%2Fidani.jfrog.io%2Fartifactory%2Fapi%2Fnpm%2Fdavidko-npm%2F%40mytest%2Fsecret-lib%2F-%2F%40mytest%2Fsecret-lib-1.0.0.tgz"
  checksum: 1633fd988ca5919ade5e9cc633927c35aadc946ccddf00d148fffd2560a962fe0e1e0c4625fd5cda6530eb0af4858417d43c0f1e3bc6290b55983e4f962275f8
  languageName: node
  linkType: hard

"backend@workspace:.":
  version: 0.0.0-use.local
  resolution: "backend@workspace:."
  dependencies:
    "@mytest/secret-lib": ^1.0.0
    lodash: ^4.17.21
    yarn: ^2.4.3
  languageName: unknown
  linkType: soft

"lodash@npm:^4.17.21":
  version: 4.17.21
  resolution: "lodash@npm:4.17.21"
  checksum: 4983720b9abca930a4a46f18db163d7dad8dd00dbed6db0cc7b499b33b717cce69f80928b27bbb1ff2cbd3b19d251ee90669a8b5ea466072ca81c2ebe91e7468
  languageName: node
  linkType: hard

"yarn@npm:^2.4.3":
  version: 2.4.3
  resolution: "yarn@npm:2.4.3"
  bin:
    yarn: ./bin/yarn.js
    yarnpkg: ./bin/yarn.js
  checksum: 22ab14d593442a084eadd31d6c1a4374fee290d74594f1e01182d35487e717228441735e13847c073f7618a0a75081678b24a562c83c7a8842c6ec90ed811456
  languageName: node
  linkType: hard
